
Microsoft Visual Studio Solution File, Format Version 12.00
# Visual Studio Version 17
VisualStudioVersion = 17.2.32630.192
MinimumVisualStudioVersion = 10.0.40219.1
Project("{8BC9CEB8-8B4A-11D0-8D11-00A0C91BC942}") = "D3DX_init", "D3DX_init\D3DX_init.vcxproj", "{B15EB609-ABC5-4A00-B38E-F3B35F1079E3}"
EndProject
Global
	GlobalSection(SolutionConfigurationPlatforms) = preSolution
		Debug|x64 = Debug|x64
		Debug|x86 = Debug|x86
		Release|x64 = Release|x64
		Release|x86 = Release|x86
	EndGlobalSection
	GlobalSection(ProjectConfigurationPlatforms) = postSolution
		{B15EB609-ABC5-4A00-B38E-F3B35F1079E3}.Debug|x64.ActiveCfg = Debug|x64
		{B15EB609-ABC5-4A00-B38E-F3B35F1079E3}.Debug|x64.Build.0 = Debug|x64
		{B15EB609-ABC5-4A00-B38E-F3B35F1079E3}.Debug|x86.ActiveCfg = Debug|Win32
		{B15EB609-ABC5-4A00-B38E-F3B35F1079E3}.Debug|x86.Build.0 = Debug|Win32
		{B15EB609-ABC5-4A00-B38E-F3B35F1079E3}.Release|x64.ActiveCfg = Release|x64
		{B15EB609-ABC5-4A00-B38E-F3B35F1079E3}.Release|x64.Build.0 = Release|x64
		{B15EB609-ABC5-4A00-B38E-F3B35F1079E3}.Release|x86.ActiveCfg = Release|Win32
		{B15EB609-ABC5-4A00-B38E-F3B35F1079E3}.Release|x86.Build.0 = Release|Win32
	EndGlobalSection
	GlobalSection(SolutionProperties) = preSolution
		HideSolutionNode = FALSE
	EndGlobalSection
	GlobalSection(ExtensibilityGlobals) = postSolution
		SolutionGuid = {90A143EA-C890-4440-8996-3748A74AE771}
	EndGlobalSection
EndGlobal
